
Microsoft Visual Studio Solution File, Format Version 12.00
# Visual Studio Version 17
VisualStudioVersion = 17.8.34408.163
MinimumVisualStudioVersion = 10.0.40219.1
Project("{FAE04EC0-301F-11D3-BF4B-00C04F79EFBC}") = "ConsoleApp3", "ConsoleApp3.csproj", "{9FDAC207-2504-4029-841E-555BDB1C5DCB}"
EndProject
Global
	GlobalSection(SolutionConfigurationPlatforms) = preSolution
		Debug|Any CPU = Debug|Any CPU
		Release|Any CPU = Release|Any CPU
	EndGlobalSection
	GlobalSection(ProjectConfigurationPlatforms) = postSolution
		{9FDAC207-2504-4029-841E-555BDB1C5DCB}.Debug|Any CPU.ActiveCfg = Debug|Any CPU
		{9FDAC207-2504-4029-841E-555BDB1C5DCB}.Debug|Any CPU.Build.0 = Debug|Any CPU
		{9FDAC207-2504-4029-841E-555BDB1C5DCB}.Release|Any CPU.ActiveCfg = Release|Any CPU
		{9FDAC207-2504-4029-841E-555BDB1C5DCB}.Release|Any CPU.Build.0 = Release|Any CPU
	EndGlobalSection
	GlobalSection(SolutionProperties) = preSolution
		HideSolutionNode = FALSE
	EndGlobalSection
	GlobalSection(ExtensibilityGlobals) = postSolution
		SolutionGuid = {C3C89A6C-4AB4-4380-BBA8-83E366F4A737}
	EndGlobalSection
EndGlobal
