
Microsoft Visual Studio Solution File, Format Version 12.00
# Visual Studio Version 17
VisualStudioVersion = 17.13.35828.75 d17.13
MinimumVisualStudioVersion = 10.0.40219.1
Project("{FAE04EC0-301F-11D3-BF4B-00C04F79EFBC}") = "ConsoleApp4", "ConsoleApp4.csproj", "{0521517F-68F1-4EB9-B735-221F1C301F69}"
EndProject
Global
	GlobalSection(SolutionConfigurationPlatforms) = preSolution
		Debug|Any CPU = Debug|Any CPU
		Release|Any CPU = Release|Any CPU
	EndGlobalSection
	GlobalSection(ProjectConfigurationPlatforms) = postSolution
		{0521517F-68F1-4EB9-B735-221F1C301F69}.Debug|Any CPU.ActiveCfg = Debug|Any CPU
		{0521517F-68F1-4EB9-B735-221F1C301F69}.Debug|Any CPU.Build.0 = Debug|Any CPU
		{0521517F-68F1-4EB9-B735-221F1C301F69}.Release|Any CPU.ActiveCfg = Release|Any CPU
		{0521517F-68F1-4EB9-B735-221F1C301F69}.Release|Any CPU.Build.0 = Release|Any CPU
	EndGlobalSection
	GlobalSection(SolutionProperties) = preSolution
		HideSolutionNode = FALSE
	EndGlobalSection
	GlobalSection(ExtensibilityGlobals) = postSolution
		SolutionGuid = {EE30B007-3D5E-4AD0-8D47-9A4B73A5BFDF}
	EndGlobalSection
EndGlobal
